
Microsoft Visual Studio Solution File, Format Version 12.00
# Visual Studio 15
VisualStudioVersion = 15.0.28307.168
MinimumVisualStudioVersion = 10.0.40219.1
Project("{9A19103F-16F7-4668-BE54-9A1E7A4F7556}") = "AltenVehiclesMonitor", "AltenVehiclesMonitor\AltenVehiclesMonitor.csproj", "{66E0FA21-5908-4238-8599-B2EC51DB844A}"
EndProject
Project("{2150E333-8FDC-42A3-9474-1A3956D46DE8}") = "Services", "Services", "{D4AFCEC0-56CA-4D75-974D-2392043805A8}"
EndProject
Project("{9A19103F-16F7-4668-BE54-9A1E7A4F7556}") = "CustomerVehicles", "CustomerVehicles\CustomerVehicles.csproj", "{892370DD-7C6F-4EE6-B797-BB1449654CBB}"
EndProject
Project("{9A19103F-16F7-4668-BE54-9A1E7A4F7556}") = "VehiclesMicroservices", "VehiclesMicroservices\VehiclesMicroservices.csproj", "{1EA48469-E8F8-4B70-9C5E-0A60315841FE}"
EndProject
Project("{9A19103F-16F7-4668-BE54-9A1E7A4F7556}") = "VehiclesStatus", "VehiclesStatus\VehiclesStatus.csproj", "{3429B8F3-2CA2-42E1-8EC8-2B36AE66404E}"
EndProject
Project("{FAE04EC0-301F-11D3-BF4B-00C04F79EFBC}") = "AltenVehiclesMonitorTests", "AltenVehiclesMonitorTests\AltenVehiclesMonitorTests.csproj", "{1E8C9EEB-1B04-445F-A2F2-8229BC593787}"
EndProject
Global
	GlobalSection(SolutionConfigurationPlatforms) = preSolution
		Debug|Any CPU = Debug|Any CPU
		Release|Any CPU = Release|Any CPU
	EndGlobalSection
	GlobalSection(ProjectConfigurationPlatforms) = postSolution
		{66E0FA21-5908-4238-8599-B2EC51DB844A}.Debug|Any CPU.ActiveCfg = Debug|Any CPU
		{66E0FA21-5908-4238-8599-B2EC51DB844A}.Debug|Any CPU.Build.0 = Debug|Any CPU
		{66E0FA21-5908-4238-8599-B2EC51DB844A}.Release|Any CPU.ActiveCfg = Release|Any CPU
		{66E0FA21-5908-4238-8599-B2EC51DB844A}.Release|Any CPU.Build.0 = Release|Any CPU
		{892370DD-7C6F-4EE6-B797-BB1449654CBB}.Debug|Any CPU.ActiveCfg = Debug|Any CPU
		{892370DD-7C6F-4EE6-B797-BB1449654CBB}.Debug|Any CPU.Build.0 = Debug|Any CPU
		{892370DD-7C6F-4EE6-B797-BB1449654CBB}.Release|Any CPU.ActiveCfg = Release|Any CPU
		{892370DD-7C6F-4EE6-B797-BB1449654CBB}.Release|Any CPU.Build.0 = Release|Any CPU
		{1EA48469-E8F8-4B70-9C5E-0A60315841FE}.Debug|Any CPU.ActiveCfg = Debug|Any CPU
		{1EA48469-E8F8-4B70-9C5E-0A60315841FE}.Debug|Any CPU.Build.0 = Debug|Any CPU
		{1EA48469-E8F8-4B70-9C5E-0A60315841FE}.Release|Any CPU.ActiveCfg = Release|Any CPU
		{1EA48469-E8F8-4B70-9C5E-0A60315841FE}.Release|Any CPU.Build.0 = Release|Any CPU
		{3429B8F3-2CA2-42E1-8EC8-2B36AE66404E}.Debug|Any CPU.ActiveCfg = Debug|Any CPU
		{3429B8F3-2CA2-42E1-8EC8-2B36AE66404E}.Debug|Any CPU.Build.0 = Debug|Any CPU
		{3429B8F3-2CA2-42E1-8EC8-2B36AE66404E}.Release|Any CPU.ActiveCfg = Release|Any CPU
		{3429B8F3-2CA2-42E1-8EC8-2B36AE66404E}.Release|Any CPU.Build.0 = Release|Any CPU
		{1E8C9EEB-1B04-445F-A2F2-8229BC593787}.Debug|Any CPU.ActiveCfg = Debug|Any CPU
		{1E8C9EEB-1B04-445F-A2F2-8229BC593787}.Debug|Any CPU.Build.0 = Debug|Any CPU
		{1E8C9EEB-1B04-445F-A2F2-8229BC593787}.Release|Any CPU.ActiveCfg = Release|Any CPU
		{1E8C9EEB-1B04-445F-A2F2-8229BC593787}.Release|Any CPU.Build.0 = Release|Any CPU
	EndGlobalSection
	GlobalSection(SolutionProperties) = preSolution
		HideSolutionNode = FALSE
	EndGlobalSection
	GlobalSection(NestedProjects) = preSolution
		{892370DD-7C6F-4EE6-B797-BB1449654CBB} = {D4AFCEC0-56CA-4D75-974D-2392043805A8}
		{1EA48469-E8F8-4B70-9C5E-0A60315841FE} = {D4AFCEC0-56CA-4D75-974D-2392043805A8}
		{3429B8F3-2CA2-42E1-8EC8-2B36AE66404E} = {D4AFCEC0-56CA-4D75-974D-2392043805A8}
	EndGlobalSection
	GlobalSection(ExtensibilityGlobals) = postSolution
		SolutionGuid = {52B1602E-33E3-4FDD-B3C0-13BF3D84E52D}
	EndGlobalSection
EndGlobal
